
Microsoft Visual Studio Solution File, Format Version 12.00
# Visual Studio 2013
VisualStudioVersion = 12.0.30501.0
MinimumVisualStudioVersion = 10.0.40219.1
Project("{FAE04EC0-301F-11D3-BF4B-00C04F79EFBC}") = "FCM.Types", "FCM.Types\FCM.Types.csproj", "{39CE4C79-364C-446A-A73F-FE3722BA2CAD}"
EndProject
Project("{FAE04EC0-301F-11D3-BF4B-00C04F79EFBC}") = "FCM.TestApplication", "TestApplication\FCM.TestApplication.csproj", "{7E75F96B-085F-4535-9147-30C24786C3D7}"
EndProject
Project("{FAE04EC0-301F-11D3-BF4B-00C04F79EFBC}") = "FCM.IO.Loader", "FCM.IO.Loader\FCM.IO.Loader.csproj", "{E023F5CD-74EE-451B-B332-11986447E76A}"
EndProject
Project("{FAE04EC0-301F-11D3-BF4B-00C04F79EFBC}") = "FCM.IO.Exporter", "FCM.IO.Exporter\FCM.IO.Exporter.csproj", "{9DC9C0D6-B238-46F1-B258-D31FF229EDBB}"
EndProject
Project("{FAE04EC0-301F-11D3-BF4B-00C04F79EFBC}") = "FCM.BLL", "FCM.BLL\FCM.BLL.csproj", "{394C419E-497B-4C25-91EB-C8F2057A6E1B}"
EndProject
Project("{FAE04EC0-301F-11D3-BF4B-00C04F79EFBC}") = "FCM.Service", "FCM.Service\FCM.Service.csproj", "{6AD3FE0B-3E1E-4B72-9CE4-E27947867F2B}"
EndProject
Global
	GlobalSection(SolutionConfigurationPlatforms) = preSolution
		Debug|Any CPU = Debug|Any CPU
		Release|Any CPU = Release|Any CPU
	EndGlobalSection
	GlobalSection(ProjectConfigurationPlatforms) = postSolution
		{39CE4C79-364C-446A-A73F-FE3722BA2CAD}.Debug|Any CPU.ActiveCfg = Debug|Any CPU
		{39CE4C79-364C-446A-A73F-FE3722BA2CAD}.Debug|Any CPU.Build.0 = Debug|Any CPU
		{39CE4C79-364C-446A-A73F-FE3722BA2CAD}.Release|Any CPU.ActiveCfg = Release|Any CPU
		{39CE4C79-364C-446A-A73F-FE3722BA2CAD}.Release|Any CPU.Build.0 = Release|Any CPU
		{7E75F96B-085F-4535-9147-30C24786C3D7}.Debug|Any CPU.ActiveCfg = Debug|Any CPU
		{7E75F96B-085F-4535-9147-30C24786C3D7}.Debug|Any CPU.Build.0 = Debug|Any CPU
		{7E75F96B-085F-4535-9147-30C24786C3D7}.Release|Any CPU.ActiveCfg = Release|Any CPU
		{7E75F96B-085F-4535-9147-30C24786C3D7}.Release|Any CPU.Build.0 = Release|Any CPU
		{E023F5CD-74EE-451B-B332-11986447E76A}.Debug|Any CPU.ActiveCfg = Debug|Any CPU
		{E023F5CD-74EE-451B-B332-11986447E76A}.Debug|Any CPU.Build.0 = Debug|Any CPU
		{E023F5CD-74EE-451B-B332-11986447E76A}.Release|Any CPU.ActiveCfg = Release|Any CPU
		{E023F5CD-74EE-451B-B332-11986447E76A}.Release|Any CPU.Build.0 = Release|Any CPU
		{9DC9C0D6-B238-46F1-B258-D31FF229EDBB}.Debug|Any CPU.ActiveCfg = Debug|Any CPU
		{9DC9C0D6-B238-46F1-B258-D31FF229EDBB}.Debug|Any CPU.Build.0 = Debug|Any CPU
		{9DC9C0D6-B238-46F1-B258-D31FF229EDBB}.Release|Any CPU.ActiveCfg = Release|Any CPU
		{9DC9C0D6-B238-46F1-B258-D31FF229EDBB}.Release|Any CPU.Build.0 = Release|Any CPU
		{394C419E-497B-4C25-91EB-C8F2057A6E1B}.Debug|Any CPU.ActiveCfg = Debug|Any CPU
		{394C419E-497B-4C25-91EB-C8F2057A6E1B}.Debug|Any CPU.Build.0 = Debug|Any CPU
		{394C419E-497B-4C25-91EB-C8F2057A6E1B}.Release|Any CPU.ActiveCfg = Release|Any CPU
		{394C419E-497B-4C25-91EB-C8F2057A6E1B}.Release|Any CPU.Build.0 = Release|Any CPU
		{6AD3FE0B-3E1E-4B72-9CE4-E27947867F2B}.Debug|Any CPU.ActiveCfg = Debug|Any CPU
		{6AD3FE0B-3E1E-4B72-9CE4-E27947867F2B}.Debug|Any CPU.Build.0 = Debug|Any CPU
		{6AD3FE0B-3E1E-4B72-9CE4-E27947867F2B}.Release|Any CPU.ActiveCfg = Release|Any CPU
		{6AD3FE0B-3E1E-4B72-9CE4-E27947867F2B}.Release|Any CPU.Build.0 = Release|Any CPU
	EndGlobalSection
	GlobalSection(SolutionProperties) = preSolution
		HideSolutionNode = FALSE
	EndGlobalSection
EndGlobal
